
Microsoft Visual Studio Solution File, Format Version 12.00
# Visual Studio Version 17
VisualStudioVersion = 17.9.34723.18
MinimumVisualStudioVersion = 10.0.40219.1
Project("{FAE04EC0-301F-11D3-BF4B-00C04F79EFBC}") = "PFuzzyArtShop", "PFuzzyArtShop.csproj", "{20DE0E6B-8A79-4B73-8A7A-07B97BCBFE66}"
EndProject
Global
	GlobalSection(SolutionConfigurationPlatforms) = preSolution
		Debug|Any CPU = Debug|Any CPU
		Release|Any CPU = Release|Any CPU
	EndGlobalSection
	GlobalSection(ProjectConfigurationPlatforms) = postSolution
		{20DE0E6B-8A79-4B73-8A7A-07B97BCBFE66}.Debug|Any CPU.ActiveCfg = Debug|Any CPU
		{20DE0E6B-8A79-4B73-8A7A-07B97BCBFE66}.Debug|Any CPU.Build.0 = Debug|Any CPU
		{20DE0E6B-8A79-4B73-8A7A-07B97BCBFE66}.Release|Any CPU.ActiveCfg = Release|Any CPU
		{20DE0E6B-8A79-4B73-8A7A-07B97BCBFE66}.Release|Any CPU.Build.0 = Release|Any CPU
	EndGlobalSection
	GlobalSection(SolutionProperties) = preSolution
		HideSolutionNode = FALSE
	EndGlobalSection
	GlobalSection(ExtensibilityGlobals) = postSolution
		SolutionGuid = {42289F67-3EEC-4AA0-A58B-FB9BCFB7022F}
	EndGlobalSection
EndGlobal
